
Microsoft Visual Studio Solution File, Format Version 12.00
# Visual Studio 15
VisualStudioVersion = 15.0.27703.2042
MinimumVisualStudioVersion = 10.0.40219.1
Project("{FAE04EC0-301F-11D3-BF4B-00C04F79EFBC}") = "Generals", "Generals\Generals.csproj", "{830D4BC8-32BC-4269-A947-498D805C24F1}"
EndProject
Global
	GlobalSection(SolutionConfigurationPlatforms) = preSolution
		Debug|Any CPU = Debug|Any CPU
		Release|Any CPU = Release|Any CPU
	EndGlobalSection
	GlobalSection(ProjectConfigurationPlatforms) = postSolution
		{830D4BC8-32BC-4269-A947-498D805C24F1}.Debug|Any CPU.ActiveCfg = Debug|Any CPU
		{830D4BC8-32BC-4269-A947-498D805C24F1}.Debug|Any CPU.Build.0 = Debug|Any CPU
		{830D4BC8-32BC-4269-A947-498D805C24F1}.Release|Any CPU.ActiveCfg = Release|Any CPU
		{830D4BC8-32BC-4269-A947-498D805C24F1}.Release|Any CPU.Build.0 = Release|Any CPU
	EndGlobalSection
	GlobalSection(SolutionProperties) = preSolution
		HideSolutionNode = FALSE
	EndGlobalSection
	GlobalSection(ExtensibilityGlobals) = postSolution
		SolutionGuid = {62873047-5012-45AE-9AAA-054A69D06B8C}
	EndGlobalSection
EndGlobal
